
Microsoft Visual Studio Solution File, Format Version 12.00
# Visual Studio Version 17
VisualStudioVersion = 17.8.34330.188
MinimumVisualStudioVersion = 10.0.40219.1
Project("{FAE04EC0-301F-11D3-BF4B-00C04F79EFBC}") = "Encapsulation", "Encapsulation\Encapsulation.csproj", "{2150D7E6-62B7-4821-9F52-C3174A8F999D}"
EndProject
Global
	GlobalSection(SolutionConfigurationPlatforms) = preSolution
		Debug|Any CPU = Debug|Any CPU
		Release|Any CPU = Release|Any CPU
	EndGlobalSection
	GlobalSection(ProjectConfigurationPlatforms) = postSolution
		{2150D7E6-62B7-4821-9F52-C3174A8F999D}.Debug|Any CPU.ActiveCfg = Debug|Any CPU
		{2150D7E6-62B7-4821-9F52-C3174A8F999D}.Debug|Any CPU.Build.0 = Debug|Any CPU
		{2150D7E6-62B7-4821-9F52-C3174A8F999D}.Release|Any CPU.ActiveCfg = Release|Any CPU
		{2150D7E6-62B7-4821-9F52-C3174A8F999D}.Release|Any CPU.Build.0 = Release|Any CPU
	EndGlobalSection
	GlobalSection(SolutionProperties) = preSolution
		HideSolutionNode = FALSE
	EndGlobalSection
	GlobalSection(ExtensibilityGlobals) = postSolution
		SolutionGuid = {EE20B939-7333-4113-896D-7C895E828849}
	EndGlobalSection
EndGlobal
